
Microsoft Visual Studio Solution File, Format Version 12.00
Project("{FAE04EC0-301F-11D3-BF4B-00C04F79EFBC}") = "Movies.API", "Movies.API\Movies.API.csproj", "{04F18FA3-ED5C-4FDE-BCEB-AE95226EBA5E}"
EndProject
Project("{FAE04EC0-301F-11D3-BF4B-00C04F79EFBC}") = "Movies.Application", "Movies.Application\Movies.Application.csproj", "{610A9ADC-F4E1-47A3-8153-C25687571E4F}"
EndProject
Project("{FAE04EC0-301F-11D3-BF4B-00C04F79EFBC}") = "Movies.Contracts", "Movies.Contracts\Movies.Contracts.csproj", "{1B5ABB25-3440-45C1-9ADD-E48A45D12F57}"
EndProject
Global
	GlobalSection(SolutionConfigurationPlatforms) = preSolution
		Debug|Any CPU = Debug|Any CPU
		Release|Any CPU = Release|Any CPU
	EndGlobalSection
	GlobalSection(ProjectConfigurationPlatforms) = postSolution
		{04F18FA3-ED5C-4FDE-BCEB-AE95226EBA5E}.Debug|Any CPU.ActiveCfg = Debug|Any CPU
		{04F18FA3-ED5C-4FDE-BCEB-AE95226EBA5E}.Debug|Any CPU.Build.0 = Debug|Any CPU
		{04F18FA3-ED5C-4FDE-BCEB-AE95226EBA5E}.Release|Any CPU.ActiveCfg = Release|Any CPU
		{04F18FA3-ED5C-4FDE-BCEB-AE95226EBA5E}.Release|Any CPU.Build.0 = Release|Any CPU
		{610A9ADC-F4E1-47A3-8153-C25687571E4F}.Debug|Any CPU.ActiveCfg = Debug|Any CPU
		{610A9ADC-F4E1-47A3-8153-C25687571E4F}.Debug|Any CPU.Build.0 = Debug|Any CPU
		{610A9ADC-F4E1-47A3-8153-C25687571E4F}.Release|Any CPU.ActiveCfg = Release|Any CPU
		{610A9ADC-F4E1-47A3-8153-C25687571E4F}.Release|Any CPU.Build.0 = Release|Any CPU
		{1B5ABB25-3440-45C1-9ADD-E48A45D12F57}.Debug|Any CPU.ActiveCfg = Debug|Any CPU
		{1B5ABB25-3440-45C1-9ADD-E48A45D12F57}.Debug|Any CPU.Build.0 = Debug|Any CPU
		{1B5ABB25-3440-45C1-9ADD-E48A45D12F57}.Release|Any CPU.ActiveCfg = Release|Any CPU
		{1B5ABB25-3440-45C1-9ADD-E48A45D12F57}.Release|Any CPU.Build.0 = Release|Any CPU
	EndGlobalSection
EndGlobal
